[Filters]
stat: CommandFilter, /usr/bin/stat, root
mount: CommandFilter, /bin/mount, root
df: CommandFilter, /bin/df, root
truncate: CommandFilter, /usr/bin/truncate, root
chmod: CommandFilter, /bin/chmod, root
rm: CommandFilter, /bin/rm, root
mkdir: CommandFilter, /bin/mkdir, root
env: CommandFilter, /usr/bin/env, root
qemu-img: CommandFilter, /usr/bin/qemu-img, root
chown: CommandFilter, /bin/chown, root
